
Microsoft Visual Studio Solution File, Format Version 12.00
# Visual Studio Version 17
VisualStudioVersion = 17.3.32929.385
MinimumVisualStudioVersion = 10.0.40219.1
Project("{9A19103F-16F7-4668-BE54-9A1E7A4F7556}") = "Mangomic.WebAPI", "Mangomic.WebAPI\Mangomic.WebAPI.csproj", "{A848D1A0-AFDE-43A4-969A-FD1DDE203C79}"
EndProject
Project("{9A19103F-16F7-4668-BE54-9A1E7A4F7556}") = "Mangomic.Context", "Mangomic.Context\Mangomic.Context.csproj", "{AC7A22EF-97EC-41B3-AF62-EA6FE4F900B3}"
EndProject
Project("{9A19103F-16F7-4668-BE54-9A1E7A4F7556}") = "Mangomic.Domain", "Mangomic.Domain\Mangomic.Domain.csproj", "{35FB062F-45E2-4240-9A54-441EBFE47082}"
EndProject
Global
	GlobalSection(SolutionConfigurationPlatforms) = preSolution
		Debug|Any CPU = Debug|Any CPU
		Release|Any CPU = Release|Any CPU
	EndGlobalSection
	GlobalSection(ProjectConfigurationPlatforms) = postSolution
		{A848D1A0-AFDE-43A4-969A-FD1DDE203C79}.Debug|Any CPU.ActiveCfg = Debug|Any CPU
		{A848D1A0-AFDE-43A4-969A-FD1DDE203C79}.Debug|Any CPU.Build.0 = Debug|Any CPU
		{A848D1A0-AFDE-43A4-969A-FD1DDE203C79}.Release|Any CPU.ActiveCfg = Release|Any CPU
		{A848D1A0-AFDE-43A4-969A-FD1DDE203C79}.Release|Any CPU.Build.0 = Release|Any CPU
		{AC7A22EF-97EC-41B3-AF62-EA6FE4F900B3}.Debug|Any CPU.ActiveCfg = Debug|Any CPU
		{AC7A22EF-97EC-41B3-AF62-EA6FE4F900B3}.Debug|Any CPU.Build.0 = Debug|Any CPU
		{AC7A22EF-97EC-41B3-AF62-EA6FE4F900B3}.Release|Any CPU.ActiveCfg = Release|Any CPU
		{AC7A22EF-97EC-41B3-AF62-EA6FE4F900B3}.Release|Any CPU.Build.0 = Release|Any CPU
		{35FB062F-45E2-4240-9A54-441EBFE47082}.Debug|Any CPU.ActiveCfg = Debug|Any CPU
		{35FB062F-45E2-4240-9A54-441EBFE47082}.Debug|Any CPU.Build.0 = Debug|Any CPU
		{35FB062F-45E2-4240-9A54-441EBFE47082}.Release|Any CPU.ActiveCfg = Release|Any CPU
		{35FB062F-45E2-4240-9A54-441EBFE47082}.Release|Any CPU.Build.0 = Release|Any CPU
	EndGlobalSection
	GlobalSection(SolutionProperties) = preSolution
		HideSolutionNode = FALSE
	EndGlobalSection
	GlobalSection(ExtensibilityGlobals) = postSolution
		SolutionGuid = {28D69931-BE52-47BB-B222-030BD0F6867D}
	EndGlobalSection
EndGlobal
