
Microsoft Visual Studio Solution File, Format Version 12.00
# Visual Studio Version 17
VisualStudioVersion = 17.3.32929.385
MinimumVisualStudioVersion = 10.0.40219.1
Project("{9A19103F-16F7-4668-BE54-9A1E7A4F7556}") = "WebGallery.API", "WebGalleryAPI\WebGallery.API.csproj", "{A848D1A0-AFDE-43A4-969A-FD1DDE203C79}"
EndProject
Project("{FAE04EC0-301F-11D3-BF4B-00C04F79EFBC}") = "WebGallery.Context", "WebGalleryContext\WebGallery.Context.csproj", "{AC7A22EF-97EC-41B3-AF62-EA6FE4F900B3}"
EndProject
Global
	GlobalSection(SolutionConfigurationPlatforms) = preSolution
		Debug|Any CPU = Debug|Any CPU
		Release|Any CPU = Release|Any CPU
	EndGlobalSection
	GlobalSection(ProjectConfigurationPlatforms) = postSolution
		{A848D1A0-AFDE-43A4-969A-FD1DDE203C79}.Debug|Any CPU.ActiveCfg = Debug|Any CPU
		{A848D1A0-AFDE-43A4-969A-FD1DDE203C79}.Debug|Any CPU.Build.0 = Debug|Any CPU
		{A848D1A0-AFDE-43A4-969A-FD1DDE203C79}.Release|Any CPU.ActiveCfg = Release|Any CPU
		{A848D1A0-AFDE-43A4-969A-FD1DDE203C79}.Release|Any CPU.Build.0 = Release|Any CPU
		{AC7A22EF-97EC-41B3-AF62-EA6FE4F900B3}.Debug|Any CPU.ActiveCfg = Debug|Any CPU
		{AC7A22EF-97EC-41B3-AF62-EA6FE4F900B3}.Debug|Any CPU.Build.0 = Debug|Any CPU
		{AC7A22EF-97EC-41B3-AF62-EA6FE4F900B3}.Release|Any CPU.ActiveCfg = Release|Any CPU
		{AC7A22EF-97EC-41B3-AF62-EA6FE4F900B3}.Release|Any CPU.Build.0 = Release|Any CPU
	EndGlobalSection
	GlobalSection(SolutionProperties) = preSolution
		HideSolutionNode = FALSE
	EndGlobalSection
	GlobalSection(ExtensibilityGlobals) = postSolution
		SolutionGuid = {28D69931-BE52-47BB-B222-030BD0F6867D}
	EndGlobalSection
EndGlobal
